
Microsoft Visual Studio Solution File, Format Version 12.00
# Visual Studio Version 17
VisualStudioVersion = 17.3.32929.385
MinimumVisualStudioVersion = 10.0.40219.1
Project("{FAE04EC0-301F-11D3-BF4B-00C04F79EFBC}") = "PHPetshop", "PHPetshop\PHPetshop.csproj", "{0259DF6E-CD3C-4CC8-97AC-90FCD8ADC5D4}"
EndProject
Global
	GlobalSection(SolutionConfigurationPlatforms) = preSolution
		Debug|Any CPU = Debug|Any CPU
		Release|Any CPU = Release|Any CPU
	EndGlobalSection
	GlobalSection(ProjectConfigurationPlatforms) = postSolution
		{0259DF6E-CD3C-4CC8-97AC-90FCD8ADC5D4}.Debug|Any CPU.ActiveCfg = Debug|Any CPU
		{0259DF6E-CD3C-4CC8-97AC-90FCD8ADC5D4}.Debug|Any CPU.Build.0 = Debug|Any CPU
		{0259DF6E-CD3C-4CC8-97AC-90FCD8ADC5D4}.Release|Any CPU.ActiveCfg = Release|Any CPU
		{0259DF6E-CD3C-4CC8-97AC-90FCD8ADC5D4}.Release|Any CPU.Build.0 = Release|Any CPU
	EndGlobalSection
	GlobalSection(SolutionProperties) = preSolution
		HideSolutionNode = FALSE
	EndGlobalSection
	GlobalSection(ExtensibilityGlobals) = postSolution
		SolutionGuid = {480CD94B-6C4D-4AA5-B55E-7DFA852CCD34}
	EndGlobalSection
EndGlobal
